
Microsoft Visual Studio Solution File, Format Version 12.00
# Visual Studio Version 17
VisualStudioVersion = 17.12.35527.113 d17.12
MinimumVisualStudioVersion = 10.0.40219.1
Project("{FAE04EC0-301F-11D3-BF4B-00C04F79EFBC}") = "TestAvalonia", "TestAvalonia.csproj", "{ECDF19EE-3B96-4E7A-ADCB-81A93E125561}"
EndProject
Global
	GlobalSection(SolutionConfigurationPlatforms) = preSolution
		Debug|Any CPU = Debug|Any CPU
		Release|Any CPU = Release|Any CPU
	EndGlobalSection
	GlobalSection(ProjectConfigurationPlatforms) = postSolution
		{ECDF19EE-3B96-4E7A-ADCB-81A93E125561}.Debug|Any CPU.ActiveCfg = Debug|Any CPU
		{ECDF19EE-3B96-4E7A-ADCB-81A93E125561}.Debug|Any CPU.Build.0 = Debug|Any CPU
		{ECDF19EE-3B96-4E7A-ADCB-81A93E125561}.Release|Any CPU.ActiveCfg = Release|Any CPU
		{ECDF19EE-3B96-4E7A-ADCB-81A93E125561}.Release|Any CPU.Build.0 = Release|Any CPU
	EndGlobalSection
	GlobalSection(SolutionProperties) = preSolution
		HideSolutionNode = FALSE
	EndGlobalSection
EndGlobal
